
Microsoft Visual Studio Solution File, Format Version 12.00
# Visual Studio Version 16
VisualStudioVersion = 16.0.31112.23
MinimumVisualStudioVersion = 10.0.40219.1
Project("{FAE04EC0-301F-11D3-BF4B-00C04F79EFBC}") = "admin_app_gibdd_windows_forms", "admin_app_gibdd_windows_forms\admin_app_gibdd_windows_forms.csproj", "{840DD72E-2CBA-4E32-B1DA-FF0A48CE0368}"
EndProject
Global
	GlobalSection(SolutionConfigurationPlatforms) = preSolution
		Debug|Any CPU = Debug|Any CPU
		Release|Any CPU = Release|Any CPU
	EndGlobalSection
	GlobalSection(ProjectConfigurationPlatforms) = postSolution
		{840DD72E-2CBA-4E32-B1DA-FF0A48CE0368}.Debug|Any CPU.ActiveCfg = Debug|Any CPU
		{840DD72E-2CBA-4E32-B1DA-FF0A48CE0368}.Debug|Any CPU.Build.0 = Debug|Any CPU
		{840DD72E-2CBA-4E32-B1DA-FF0A48CE0368}.Release|Any CPU.ActiveCfg = Release|Any CPU
		{840DD72E-2CBA-4E32-B1DA-FF0A48CE0368}.Release|Any CPU.Build.0 = Release|Any CPU
	EndGlobalSection
	GlobalSection(SolutionProperties) = preSolution
		HideSolutionNode = FALSE
	EndGlobalSection
	GlobalSection(ExtensibilityGlobals) = postSolution
		SolutionGuid = {DDBECA48-E7D0-41BA-8346-EB5904EA2B85}
	EndGlobalSection
EndGlobal
